// !$*UTF8*$!
{
	archiveVersion = 1;
	classes = {
	};
	objectVersion = 56;
	objects = {

/* Begin PBXBuildFile section */
		63BC6A002B74C49F00FD54A7 /* AppDelegate.swift in Sources */ = {isa = PBXBuildFile; fileRef = 63BC69FF2B74C49F00FD54A7 /* AppDelegate.swift */; };
		63BC6A022B74C49F00FD54A7 /* SceneDelegate.swift in Sources */ = {isa = PBXBuildFile; fileRef = 63BC6A012B74C49F00FD54A7 /* SceneDelegate.swift */; };
		63BC6A042B74C49F00FD54A7 /* ViewController.swift in Sources */ = {isa = PBXBuildFile; fileRef = 63BC6A032B74C49F00FD54A7 /* ViewController.swift */; };
		63BC6A072B74C49F00FD54A7 /* Main.storyboard in Resources */ = {isa = PBXBuildFile; fileRef = 63BC6A052B74C49F00FD54A7 /* Main.storyboard */; };
		63BC6A092B74C4A100FD54A7 /* Assets.xcassets in Resources */ = {isa = PBXBuildFile; fileRef = 63BC6A082B74C4A100FD54A7 /* Assets.xcassets */; };
		63BC6A0C2B74C4A100FD54A7 /* LaunchScreen.storyboard in Resources */ = {isa = PBXBuildFile; fileRef = 63BC6A0A2B74C4A100FD54A7 /* LaunchScreen.storyboard */; };
		63BC6A142B74C52D00FD54A7 /* MainTabBarController.swift in Sources */ = {isa = PBXBuildFile; fileRef = 63BC6A132B74C52D00FD54A7 /* MainTabBarController.swift */; };
		63BC6A162B74C5D600FD54A7 /* SearchViewController.swift in Sources */ = {isa = PBXBuildFile; fileRef = 63BC6A152B74C5D600FD54A7 /* SearchViewController.swift */; };
		63BC6A192B74D7D300FD54A7 /* Alamofire in Frameworks */ = {isa = PBXBuildFile; productRef = 63BC6A182B74D7D300FD54A7 /* Alamofire */; };
		63BC6A1B2B74DB5800FD54A7 /* SearchResponse.swift in Sources */ = {isa = PBXBuildFile; fileRef = 63BC6A1A2B74DB5800FD54A7 /* SearchResponse.swift */; };
		63BC6A1D2B74E48600FD54A7 /* NetworkService.swift in Sources */ = {isa = PBXBuildFile; fileRef = 63BC6A1C2B74E48600FD54A7 /* NetworkService.swift */; };
/* End PBXBuildFile section */

/* Begin PBXFileReference section */
		63BC69FC2B74C49F00FD54A7 /* EugeneMusic.app */ = {isa = PBXFileReference; explicitFileType = wrapper.application; includeInIndex = 0; path = EugeneMusic.app; sourceTree = BUILT_PRODUCTS_DIR; };
		63BC69FF2B74C49F00FD54A7 /* AppDelegate.swift */ = {isa = PBXFileReference; lastKnownFileType = sourcecode.swift; path = AppDelegate.swift; sourceTree = "<group>"; };
		63BC6A012B74C49F00FD54A7 /* SceneDelegate.swift */ = {isa = PBXFileReference; lastKnownFileType = sourcecode.swift; path = SceneDelegate.swift; sourceTree = "<group>"; };
		63BC6A032B74C49F00FD54A7 /* ViewController.swift */ = {isa = PBXFileReference; lastKnownFileType = sourcecode.swift; path = ViewController.swift; sourceTree = "<group>"; };
		63BC6A062B74C49F00FD54A7 /* Base */ = {isa = PBXFileReference; lastKnownFileType = file.storyboard; name = Base; path = Base.lproj/Main.storyboard; sourceTree = "<group>"; };
		63BC6A082B74C4A100FD54A7 /* Assets.xcassets */ = {isa = PBXFileReference; lastKnownFileType = folder.assetcatalog; path = Assets.xcassets; sourceTree = "<group>"; };
		63BC6A0B2B74C4A100FD54A7 /* Base */ = {isa = PBXFileReference; lastKnownFileType = file.storyboard; name = Base; path = Base.lproj/LaunchScreen.storyboard; sourceTree = "<group>"; };
		63BC6A0D2B74C4A100FD54A7 /* Info.plist */ = {isa = PBXFileReference; lastKnownFileType = text.plist.xml; path = Info.plist; sourceTree = "<group>"; };
		63BC6A132B74C52D00FD54A7 /* MainTabBarController.swift */ = {isa = PBXFileReference; lastKnownFileType = sourcecode.swift; path = MainTabBarController.swift; sourceTree = "<group>"; };
		63BC6A152B74C5D600FD54A7 /* SearchViewController.swift */ = {isa = PBXFileReference; lastKnownFileType = sourcecode.swift; path = SearchViewController.swift; sourceTree = "<group>"; };
		63BC6A1A2B74DB5800FD54A7 /* SearchResponse.swift */ = {isa = PBXFileReference; lastKnownFileType = sourcecode.swift; path = SearchResponse.swift; sourceTree = "<group>"; };
		63BC6A1C2B74E48600FD54A7 /* NetworkService.swift */ = {isa = PBXFileReference; lastKnownFileType = sourcecode.swift; path = NetworkService.swift; sourceTree = "<group>"; };
/* End PBXFileReference section */

/* Begin PBXFrameworksBuildPhase section */
		63BC69F92B74C49F00FD54A7 /* Frameworks */ = {
			isa = PBXFrameworksBuildPhase;
			buildActionMask = 2147483647;
			files = (
				63BC6A192B74D7D300FD54A7 /* Alamofire in Frameworks */,
			);
			runOnlyForDeploymentPostprocessing = 0;
		};
/* End PBXFrameworksBuildPhase section */

/* Begin PBXGroup section */
		63BC69F32B74C49F00FD54A7 = {
			isa = PBXGroup;
			children = (
				63BC69FE2B74C49F00FD54A7 /* EugeneMusic */,
				63BC69FD2B74C49F00FD54A7 /* Products */,
			);
			sourceTree = "<group>";
		};
		63BC69FD2B74C49F00FD54A7 /* Products */ = {
			isa = PBXGroup;
			children = (
				63BC69FC2B74C49F00FD54A7 /* EugeneMusic.app */,
			);
			name = Products;
			sourceTree = "<group>";
		};
		63BC69FE2B74C49F00FD54A7 /* EugeneMusic */ = {
			isa = PBXGroup;
			children = (
				63BC69FF2B74C49F00FD54A7 /* AppDelegate.swift */,
				63BC6A012B74C49F00FD54A7 /* SceneDelegate.swift */,
				63BC6A032B74C49F00FD54A7 /* ViewController.swift */,
				63BC6A132B74C52D00FD54A7 /* MainTabBarController.swift */,
				63BC6A152B74C5D600FD54A7 /* SearchViewController.swift */,
				63BC6A1C2B74E48600FD54A7 /* NetworkService.swift */,
				63BC6A1A2B74DB5800FD54A7 /* SearchResponse.swift */,
				63BC6A052B74C49F00FD54A7 /* Main.storyboard */,
				63BC6A0A2B74C4A100FD54A7 /* LaunchScreen.storyboard */,
				63BC6A082B74C4A100FD54A7 /* Assets.xcassets */,
				63BC6A0D2B74C4A100FD54A7 /* Info.plist */,
			);
			path = EugeneMusic;
			sourceTree = "<group>";
		};
/* End PBXGroup section */

/* Begin PBXNativeTarget section */
		63BC69FB2B74C49F00FD54A7 /* EugeneMusic */ = {
			isa = PBXNativeTarget;
			buildConfigurationList = 63BC6A102B74C4A100FD54A7 /* Build configuration list for PBXNativeTarget "EugeneMusic" */;
			buildPhases = (
				63BC69F82B74C49F00FD54A7 /* Sources */,
				63BC69F92B74C49F00FD54A7 /* Frameworks */,
				63BC69FA2B74C49F00FD54A7 /* Resources */,
			);
			buildRules = (
			);
			dependencies = (
			);
			name = EugeneMusic;
			packageProductDependencies = (
				63BC6A182B74D7D300FD54A7 /* Alamofire */,
			);
			productName = EugeneMusic;
			productReference = 63BC69FC2B74C49F00FD54A7 /* EugeneMusic.app */;
			productType = "com.apple.product-type.application";
		};
/* End PBXNativeTarget section */

/* Begin PBXProject section */
		63BC69F42B74C49F00FD54A7 /* Project object */ = {
			isa = PBXProject;
			attributes = {
				BuildIndependentTargetsInParallel = 1;
				LastSwiftUpdateCheck = 1520;
				LastUpgradeCheck = 1520;
				TargetAttributes = {
					63BC69FB2B74C49F00FD54A7 = {
						CreatedOnToolsVersion = 15.2;
					};
				};
			};
			buildConfigurationList = 63BC69F72B74C49F00FD54A7 /* Build configuration list for PBXProject "EugeneMusic" */;
			compatibilityVersion = "Xcode 14.0";
			developmentRegion = en;
			hasScannedForEncodings = 0;
			knownRegions = (
				en,
				Base,
			);
			mainGroup = 63BC69F32B74C49F00FD54A7;
			packageReferences = (
				63BC6A172B74D7D300FD54A7 /* XCRemoteSwiftPackageReference "Alamofire" */,
			);
			productRefGroup = 63BC69FD2B74C49F00FD54A7 /* Products */;
			projectDirPath = "";
			projectRoot = "";
			targets = (
				63BC69FB2B74C49F00FD54A7 /* EugeneMusic */,
			);
		};
/* End PBXProject section */

/* Begin PBXResourcesBuildPhase section */
		63BC69FA2B74C49F00FD54A7 /* Resources */ = {
			isa = PBXResourcesBuildPhase;
			buildActionMask = 2147483647;
			files = (
				63BC6A0C2B74C4A100FD54A7 /* LaunchScreen.storyboard in Resources */,
				63BC6A092B74C4A100FD54A7 /* Assets.xcassets in Resources */,
				63BC6A072B74C49F00FD54A7 /* Main.storyboard in Resources */,
			);
			runOnlyForDeploymentPostprocessing = 0;
		};
/* End PBXResourcesBuildPhase section */

/* Begin PBXSourcesBuildPhase section */
		63BC69F82B74C49F00FD54A7 /* Sources */ = {
			isa = PBXSourcesBuildPhase;
			buildActionMask = 2147483647;
			files = (
				63BC6A162B74C5D600FD54A7 /* SearchViewController.swift in Sources */,
				63BC6A042B74C49F00FD54A7 /* ViewController.swift in Sources */,
				63BC6A1B2B74DB5800FD54A7 /* SearchResponse.swift in Sources */,
				63BC6A002B74C49F00FD54A7 /* AppDelegate.swift in Sources */,
				63BC6A142B74C52D00FD54A7 /* MainTabBarController.swift in Sources */,
				63BC6A022B74C49F00FD54A7 /* SceneDelegate.swift in Sources */,
				63BC6A1D2B74E48600FD54A7 /* NetworkService.swift in Sources */,
			);
			runOnlyForDeploymentPostprocessing = 0;
		};
/* End PBXSourcesBuildPhase section */

/* Begin PBXVariantGroup section */
		63BC6A052B74C49F00FD54A7 /* Main.storyboard */ = {
			isa = PBXVariantGroup;
			children = (
				63BC6A062B74C49F00FD54A7 /* Base */,
			);
			name = Main.storyboard;
			sourceTree = "<group>";
		};
		63BC6A0A2B74C4A100FD54A7 /* LaunchScreen.storyboard */ = {
			isa = PBXVariantGroup;
			children = (
				63BC6A0B2B74C4A100FD54A7 /* Base */,
			);
			name = LaunchScreen.storyboard;
			sourceTree = "<group>";
		};
/* End PBXVariantGroup section */

/* Begin XCBuildConfiguration section */
		63BC6A0E2B74C4A100FD54A7 /* Debug */ = {
			isa = XCBuildConfiguration;
			buildSettings = {
				ALWAYS_SEARCH_USER_PATHS = NO;
				ASSETCATALOG_COMPILER_GENERATE_SWIFT_ASSET_SYMBOL_EXTENSIONS = YES;
				CLANG_ANALYZER_NONNULL = YES;
				CLANG_ANALYZER_NUMBER_OBJECT_CONVERSION = YES_AGGRESSIVE;
				CLANG_CXX_LANGUAGE_STANDARD = "gnu++20";
				CLANG_ENABLE_MODULES = YES;
				CLANG_ENABLE_OBJC_ARC = YES;
				CLANG_ENABLE_OBJC_WEAK = YES;
				CLANG_WARN_BLOCK_CAPTURE_AUTORELEASING = YES;
				CLANG_WARN_BOOL_CONVERSION = YES;
				CLANG_WARN_COMMA = YES;
				CLANG_WARN_CONSTANT_CONVERSION = YES;
				CLANG_WARN_DEPRECATED_OBJC_IMPLEMENTATIONS = YES;
				CLANG_WARN_DIRECT_OBJC_ISA_USAGE = YES_ERROR;
				CLANG_WARN_DOCUMENTATION_COMMENTS = YES;
				CLANG_WARN_EMPTY_BODY = YES;
				CLANG_WARN_ENUM_CONVERSION = YES;
				CLANG_WARN_INFINITE_RECURSION = YES;
				CLANG_WARN_INT_CONVERSION = YES;
				CLANG_WARN_NON_LITERAL_NULL_CONVERSION = YES;
				CLANG_WARN_OBJC_IMPLICIT_RETAIN_SELF = YES;
				CLANG_WARN_OBJC_LITERAL_CONVERSION = YES;
				CLANG_WARN_OBJC_ROOT_CLASS = YES_ERROR;
				CLANG_WARN_QUOTED_INCLUDE_IN_FRAMEWORK_HEADER = YES;
				CLANG_WARN_RANGE_LOOP_ANALYSIS = YES;
				CLANG_WARN_STRICT_PROTOTYPES = YES;
				CLANG_WARN_SUSPICIOUS_MOVE = YES;
				CLANG_WARN_UNGUARDED_AVAILABILITY = YES_AGGRESSIVE;
				CLANG_WARN_UNREACHABLE_CODE = YES;
				CLANG_WARN__DUPLICATE_METHOD_MATCH = YES;
				COPY_PHASE_STRIP = NO;
				DEBUG_INFORMATION_FORMAT = dwarf;
				ENABLE_STRICT_OBJC_MSGSEND = YES;
				ENABLE_TESTABILITY = YES;
				ENABLE_USER_SCRIPT_SANDBOXING = YES;
				GCC_C_LANGUAGE_STANDARD = gnu17;
				GCC_DYNAMIC_NO_PIC = NO;
				GCC_NO_COMMON_BLOCKS = YES;
				GCC_OPTIMIZATION_LEVEL = 0;
				GCC_PREPROCESSOR_DEFINITIONS = (
					"DEBUG=1",
					"$(inherited)",
				);
				GCC_WARN_64_TO_32_BIT_CONVERSION = YES;
				GCC_WARN_ABOUT_RETURN_TYPE = YES_ERROR;
				GCC_WARN_UNDECLARED_SELECTOR = YES;
				GCC_WARN_UNINITIALIZED_AUTOS = YES_AGGRESSIVE;
				GCC_WARN_UNUSED_FUNCTION = YES;
				GCC_WARN_UNUSED_VARIABLE = YES;
				IPHONEOS_DEPLOYMENT_TARGET = 17.2;
				LOCALIZATION_PREFERS_STRING_CATALOGS = YES;
				MTL_ENABLE_DEBUG_INFO = INCLUDE_SOURCE;
				MTL_FAST_MATH = YES;
				ONLY_ACTIVE_ARCH = YES;
				SDKROOT = iphoneos;
				SWIFT_ACTIVE_COMPILATION_CONDITIONS = "DEBUG $(inherited)";
				SWIFT_OPTIMIZATION_LEVEL = "-Onone";
			};
			name = Debug;
		};
		63BC6A0F2B74C4A100FD54A7 /* Release */ = {
			isa = XCBuildConfiguration;
			buildSettings = {
				ALWAYS_SEARCH_USER_PATHS = NO;
				ASSETCATALOG_COMPILER_GENERATE_SWIFT_ASSET_SYMBOL_EXTENSIONS = YES;
				CLANG_ANALYZER_NONNULL = YES;
				CLANG_ANALYZER_NUMBER_OBJECT_CONVERSION = YES_AGGRESSIVE;
				CLANG_CXX_LANGUAGE_STANDARD = "gnu++20";
				CLANG_ENABLE_MODULES = YES;
				CLANG_ENABLE_OBJC_ARC = YES;
				CLANG_ENABLE_OBJC_WEAK = YES;
				CLANG_WARN_BLOCK_CAPTURE_AUTORELEASING = YES;
				CLANG_WARN_BOOL_CONVERSION = YES;
				CLANG_WARN_COMMA = YES;
				CLANG_WARN_CONSTANT_CONVERSION = YES;
				CLANG_WARN_DEPRECATED_OBJC_IMPLEMENTATIONS = YES;
				CLANG_WARN_DIRECT_OBJC_ISA_USAGE = YES_ERROR;
				CLANG_WARN_DOCUMENTATION_COMMENTS = YES;
				CLANG_WARN_EMPTY_BODY = YES;
				CLANG_WARN_ENUM_CONVERSION = YES;
				CLANG_WARN_INFINITE_RECURSION = YES;
				CLANG_WARN_INT_CONVERSION = YES;
				CLANG_WARN_NON_LITERAL_NULL_CONVERSION = YES;
				CLANG_WARN_OBJC_IMPLICIT_RETAIN_SELF = YES;
				CLANG_WARN_OBJC_LITERAL_CONVERSION = YES;
				CLANG_WARN_OBJC_ROOT_CLASS = YES_ERROR;
				CLANG_WARN_QUOTED_INCLUDE_IN_FRAMEWORK_HEADER = YES;
				CLANG_WARN_RANGE_LOOP_ANALYSIS = YES;
				CLANG_WARN_STRICT_PROTOTYPES = YES;
				CLANG_WARN_SUSPICIOUS_MOVE = YES;
				CLANG_WARN_UNGUARDED_AVAILABILITY = YES_AGGRESSIVE;
				CLANG_WARN_UNREACHABLE_CODE = YES;
				CLANG_WARN__DUPLICATE_METHOD_MATCH = YES;
				COPY_PHASE_STRIP = NO;
				DEBUG_INFORMATION_FORMAT = "dwarf-with-dsym";
				ENABLE_NS_ASSERTIONS = NO;
				ENABLE_STRICT_OBJC_MSGSEND = YES;
				ENABLE_USER_SCRIPT_SANDBOXING = YES;
				GCC_C_LANGUAGE_STANDARD = gnu17;
				GCC_NO_COMMON_BLOCKS = YES;
				GCC_WARN_64_TO_32_BIT_CONVERSION = YES;
				GCC_WARN_ABOUT_RETURN_TYPE = YES_ERROR;
				GCC_WARN_UNDECLARED_SELECTOR = YES;
				GCC_WARN_UNINITIALIZED_AUTOS = YES_AGGRESSIVE;
				GCC_WARN_UNUSED_FUNCTION = YES;
				GCC_WARN_UNUSED_VARIABLE = YES;
				IPHONEOS_DEPLOYMENT_TARGET = 17.2;
				LOCALIZATION_PREFERS_STRING_CATALOGS = YES;
				MTL_ENABLE_DEBUG_INFO = NO;
				MTL_FAST_MATH = YES;
				SDKROOT = iphoneos;
				SWIFT_COMPILATION_MODE = wholemodule;
				VALIDATE_PRODUCT = YES;
			};
			name = Release;
		};
		63BC6A112B74C4A100FD54A7 /* Debug */ = {
			isa = XCBuildConfiguration;
			buildSettings = {
				ASSETCATALOG_COMPILER_APPICON_NAME = AppIcon;
				ASSETCATALOG_COMPILER_GLOBAL_ACCENT_COLOR_NAME = AccentColor;
				CODE_SIGN_STYLE = Automatic;
				CURRENT_PROJECT_VERSION = 1;
				DEVELOPMENT_TEAM = JQSUXNGVC5;
				GENERATE_INFOPLIST_FILE = YES;
				INFOPLIST_FILE = EugeneMusic/Info.plist;
				INFOPLIST_KEY_UIApplicationSupportsIndirectInputEvents = YES;
				INFOPLIST_KEY_UILaunchStoryboardName = LaunchScreen;
				INFOPLIST_KEY_UIMainStoryboardFile = Main;
				INFOPLIST_KEY_UISupportedInterfaceOrientations = UIInterfaceOrientationPortrait;
				IPHONEOS_DEPLOYMENT_TARGET = 16.0;
				LD_RUNPATH_SEARCH_PATHS = (
					"$(inherited)",
					"@executable_path/Frameworks",
				);
				MARKETING_VERSION = 1.0;
				PRODUCT_BUNDLE_IDENTIFIER = EugeneZabrodski.EugeneMusic;
				PRODUCT_NAME = "$(TARGET_NAME)";
				SUPPORTED_PLATFORMS = "iphoneos iphonesimulator";
				SUPPORTS_MACCATALYST = NO;
				SUPPORTS_MAC_DESIGNED_FOR_IPHONE_IPAD = NO;
				SUPPORTS_XR_DESIGNED_FOR_IPHONE_IPAD = NO;
				SWIFT_EMIT_LOC_STRINGS = YES;
				SWIFT_VERSION = 5.0;
				TARGETED_DEVICE_FAMILY = "1,2";
			};
			name = Debug;
		};
		63BC6A122B74C4A100FD54A7 /* Release */ = {
			isa = XCBuildConfiguration;
			buildSettings = {
				ASSETCATALOG_COMPILER_APPICON_NAME = AppIcon;
				ASSETCATALOG_COMPILER_GLOBAL_ACCENT_COLOR_NAME = AccentColor;
				CODE_SIGN_STYLE = Automatic;
				CURRENT_PROJECT_VERSION = 1;
				DEVELOPMENT_TEAM = JQSUXNGVC5;
				GENERATE_INFOPLIST_FILE = YES;
				INFOPLIST_FILE = EugeneMusic/Info.plist;
				INFOPLIST_KEY_UIApplicationSupportsIndirectInputEvents = YES;
				INFOPLIST_KEY_UILaunchStoryboardName = LaunchScreen;
				INFOPLIST_KEY_UIMainStoryboardFile = Main;
				INFOPLIST_KEY_UISupportedInterfaceOrientations = UIInterfaceOrientationPortrait;
				IPHONEOS_DEPLOYMENT_TARGET = 16.0;
				LD_RUNPATH_SEARCH_PATHS = (
					"$(inherited)",
					"@executable_path/Frameworks",
				);
				MARKETING_VERSION = 1.0;
				PRODUCT_BUNDLE_IDENTIFIER = EugeneZabrodski.EugeneMusic;
				PRODUCT_NAME = "$(TARGET_NAME)";
				SUPPORTED_PLATFORMS = "iphoneos iphonesimulator";
				SUPPORTS_MACCATALYST = NO;
				SUPPORTS_MAC_DESIGNED_FOR_IPHONE_IPAD = NO;
				SUPPORTS_XR_DESIGNED_FOR_IPHONE_IPAD = NO;
				SWIFT_EMIT_LOC_STRINGS = YES;
				SWIFT_VERSION = 5.0;
				TARGETED_DEVICE_FAMILY = "1,2";
			};
			name = Release;
		};
/* End XCBuildConfiguration section */

/* Begin XCConfigurationList section */
		63BC69F72B74C49F00FD54A7 /* Build configuration list for PBXProject "EugeneMusic" */ = {
			isa = XCConfigurationList;
			buildConfigurations = (
				63BC6A0E2B74C4A100FD54A7 /* Debug */,
				63BC6A0F2B74C4A100FD54A7 /* Release */,
			);
			defaultConfigurationIsVisible = 0;
			defaultConfigurationName = Release;
		};
		63BC6A102B74C4A100FD54A7 /* Build configuration list for PBXNativeTarget "EugeneMusic" */ = {
			isa = XCConfigurationList;
			buildConfigurations = (
				63BC6A112B74C4A100FD54A7 /* Debug */,
				63BC6A122B74C4A100FD54A7 /* Release */,
			);
			defaultConfigurationIsVisible = 0;
			defaultConfigurationName = Release;
		};
/* End XCConfigurationList section */

/* Begin XCRemoteSwiftPackageReference section */
		63BC6A172B74D7D300FD54A7 /* XCRemoteSwiftPackageReference "Alamofire" */ = {
			isa = XCRemoteSwiftPackageReference;
			repositoryURL = "https://github.com/Alamofire/Alamofire.git";
			requirement = {
				kind = upToNextMajorVersion;
				minimumVersion = 5.8.1;
			};
		};
/* End XCRemoteSwiftPackageReference section */

/* Begin XCSwiftPackageProductDependency section */
		63BC6A182B74D7D300FD54A7 /* Alamofire */ = {
			isa = XCSwiftPackageProductDependency;
			package = 63BC6A172B74D7D300FD54A7 /* XCRemoteSwiftPackageReference "Alamofire" */;
			productName = Alamofire;
		};
/* End XCSwiftPackageProductDependency section */
	};
	rootObject = 63BC69F42B74C49F00FD54A7 /* Project object */;
}
