// !$*UTF8*$!
{
	archiveVersion = 1;
	classes = {
	};
	objectVersion = 56;
	objects = {

/* Begin PBXBuildFile section */
		6353BA2F2B7B622000C4508D /* CMTime + Extension.swift in Sources */ = {isa = PBXBuildFile; fileRef = 6353BA2E2B7B622000C4508D /* CMTime + Extension.swift */; };
		6353BA312B7B724400C4508D /* Nib.swift in Sources */ = {isa = PBXBuildFile; fileRef = 6353BA302B7B724400C4508D /* Nib.swift */; };
		6363261C2B7612CF007CD5E2 /* SearchPresenter.swift in Sources */ = {isa = PBXBuildFile; fileRef = 636326152B7612CF007CD5E2 /* SearchPresenter.swift */; };
		6363261D2B7612CF007CD5E2 /* SearchWorker.swift in Sources */ = {isa = PBXBuildFile; fileRef = 636326162B7612CF007CD5E2 /* SearchWorker.swift */; };
		6363261E2B7612CF007CD5E2 /* SearchRouter.swift in Sources */ = {isa = PBXBuildFile; fileRef = 636326172B7612CF007CD5E2 /* SearchRouter.swift */; };
		6363261F2B7612CF007CD5E2 /* SearchModels.swift in Sources */ = {isa = PBXBuildFile; fileRef = 636326182B7612CF007CD5E2 /* SearchModels.swift */; };
		636326202B7612CF007CD5E2 /* SearchViewController.swift in Sources */ = {isa = PBXBuildFile; fileRef = 636326192B7612CF007CD5E2 /* SearchViewController.swift */; };
		636326212B7612CF007CD5E2 /* SearchInteractor.swift in Sources */ = {isa = PBXBuildFile; fileRef = 6363261A2B7612CF007CD5E2 /* SearchInteractor.swift */; };
		636326242B7613FC007CD5E2 /* SearchViewController.storyboard in Resources */ = {isa = PBXBuildFile; fileRef = 636326232B7613FC007CD5E2 /* SearchViewController.storyboard */; };
		636326262B761654007CD5E2 /* UIViewController + Storyboard.swift in Sources */ = {isa = PBXBuildFile; fileRef = 636326252B761654007CD5E2 /* UIViewController + Storyboard.swift */; };
		6363262A2B76236C007CD5E2 /* TrackCell.xib in Resources */ = {isa = PBXBuildFile; fileRef = 636326292B76236C007CD5E2 /* TrackCell.xib */; };
		6363262C2B76238C007CD5E2 /* TrackCell.swift in Sources */ = {isa = PBXBuildFile; fileRef = 6363262B2B76238C007CD5E2 /* TrackCell.swift */; };
		636326302B762D3A007CD5E2 /* SDWebImage in Frameworks */ = {isa = PBXBuildFile; productRef = 6363262F2B762D3A007CD5E2 /* SDWebImage */; };
		636326322B762D3A007CD5E2 /* SDWebImageMapKit in Frameworks */ = {isa = PBXBuildFile; productRef = 636326312B762D3A007CD5E2 /* SDWebImageMapKit */; };
		63BC6A002B74C49F00FD54A7 /* AppDelegate.swift in Sources */ = {isa = PBXBuildFile; fileRef = 63BC69FF2B74C49F00FD54A7 /* AppDelegate.swift */; };
		63BC6A022B74C49F00FD54A7 /* SceneDelegate.swift in Sources */ = {isa = PBXBuildFile; fileRef = 63BC6A012B74C49F00FD54A7 /* SceneDelegate.swift */; };
		63BC6A042B74C49F00FD54A7 /* ViewController.swift in Sources */ = {isa = PBXBuildFile; fileRef = 63BC6A032B74C49F00FD54A7 /* ViewController.swift */; };
		63BC6A072B74C49F00FD54A7 /* Main.storyboard in Resources */ = {isa = PBXBuildFile; fileRef = 63BC6A052B74C49F00FD54A7 /* Main.storyboard */; };
		63BC6A092B74C4A100FD54A7 /* Assets.xcassets in Resources */ = {isa = PBXBuildFile; fileRef = 63BC6A082B74C4A100FD54A7 /* Assets.xcassets */; };
		63BC6A0C2B74C4A100FD54A7 /* LaunchScreen.storyboard in Resources */ = {isa = PBXBuildFile; fileRef = 63BC6A0A2B74C4A100FD54A7 /* LaunchScreen.storyboard */; };
		63BC6A142B74C52D00FD54A7 /* MainTabBarController.swift in Sources */ = {isa = PBXBuildFile; fileRef = 63BC6A132B74C52D00FD54A7 /* MainTabBarController.swift */; };
		63BC6A162B74C5D600FD54A7 /* SearchMusicViewController.swift in Sources */ = {isa = PBXBuildFile; fileRef = 63BC6A152B74C5D600FD54A7 /* SearchMusicViewController.swift */; };
		63BC6A192B74D7D300FD54A7 /* Alamofire in Frameworks */ = {isa = PBXBuildFile; productRef = 63BC6A182B74D7D300FD54A7 /* Alamofire */; };
		63BC6A1B2B74DB5800FD54A7 /* SearchResponse.swift in Sources */ = {isa = PBXBuildFile; fileRef = 63BC6A1A2B74DB5800FD54A7 /* SearchResponse.swift */; };
		63BC6A1D2B74E48600FD54A7 /* NetworkService.swift in Sources */ = {isa = PBXBuildFile; fileRef = 63BC6A1C2B74E48600FD54A7 /* NetworkService.swift */; };
		63F4BA022B7A850700C9AF15 /* FooterView.swift in Sources */ = {isa = PBXBuildFile; fileRef = 63F4BA012B7A850700C9AF15 /* FooterView.swift */; };
		63F4BA052B7A8D3A00C9AF15 /* TrackDetailView.xib in Resources */ = {isa = PBXBuildFile; fileRef = 63F4BA042B7A8D3A00C9AF15 /* TrackDetailView.xib */; };
		63F4BA072B7A8D5300C9AF15 /* TrackDetailView.swift in Sources */ = {isa = PBXBuildFile; fileRef = 63F4BA062B7A8D5300C9AF15 /* TrackDetailView.swift */; };
/* End PBXBuildFile section */

/* Begin PBXFileReference section */
		6353BA2E2B7B622000C4508D /* CMTime + Extension.swift */ = {isa = PBXFileReference; lastKnownFileType = sourcecode.swift; path = "CMTime + Extension.swift"; sourceTree = "<group>"; };
		6353BA302B7B724400C4508D /* Nib.swift */ = {isa = PBXFileReference; lastKnownFileType = sourcecode.swift; path = Nib.swift; sourceTree = "<group>"; };
		636326152B7612CF007CD5E2 /* SearchPresenter.swift */ = {isa = PBXFileReference; lastKnownFileType = sourcecode.swift; path = SearchPresenter.swift; sourceTree = "<group>"; };
		636326162B7612CF007CD5E2 /* SearchWorker.swift */ = {isa = PBXFileReference; lastKnownFileType = sourcecode.swift; path = SearchWorker.swift; sourceTree = "<group>"; };
		636326172B7612CF007CD5E2 /* SearchRouter.swift */ = {isa = PBXFileReference; lastKnownFileType = sourcecode.swift; path = SearchRouter.swift; sourceTree = "<group>"; };
		636326182B7612CF007CD5E2 /* SearchModels.swift */ = {isa = PBXFileReference; lastKnownFileType = sourcecode.swift; path = SearchModels.swift; sourceTree = "<group>"; };
		636326192B7612CF007CD5E2 /* SearchViewController.swift */ = {isa = PBXFileReference; lastKnownFileType = sourcecode.swift; path = SearchViewController.swift; sourceTree = "<group>"; };
		6363261A2B7612CF007CD5E2 /* SearchInteractor.swift */ = {isa = PBXFileReference; lastKnownFileType = sourcecode.swift; path = SearchInteractor.swift; sourceTree = "<group>"; };
		636326232B7613FC007CD5E2 /* SearchViewController.storyboard */ = {isa = PBXFileReference; lastKnownFileType = file.storyboard; path = SearchViewController.storyboard; sourceTree = "<group>"; };
		636326252B761654007CD5E2 /* UIViewController + Storyboard.swift */ = {isa = PBXFileReference; lastKnownFileType = sourcecode.swift; path = "UIViewController + Storyboard.swift"; sourceTree = "<group>"; };
		636326292B76236C007CD5E2 /* TrackCell.xib */ = {isa = PBXFileReference; lastKnownFileType = file.xib; path = TrackCell.xib; sourceTree = "<group>"; };
		6363262B2B76238C007CD5E2 /* TrackCell.swift */ = {isa = PBXFileReference; lastKnownFileType = sourcecode.swift; path = TrackCell.swift; sourceTree = "<group>"; };
		63BC69FC2B74C49F00FD54A7 /* EugeneMusic.app */ = {isa = PBXFileReference; explicitFileType = wrapper.application; includeInIndex = 0; path = EugeneMusic.app; sourceTree = BUILT_PRODUCTS_DIR; };
		63BC69FF2B74C49F00FD54A7 /* AppDelegate.swift */ = {isa = PBXFileReference; lastKnownFileType = sourcecode.swift; path = AppDelegate.swift; sourceTree = "<group>"; };
		63BC6A012B74C49F00FD54A7 /* SceneDelegate.swift */ = {isa = PBXFileReference; lastKnownFileType = sourcecode.swift; path = SceneDelegate.swift; sourceTree = "<group>"; };
		63BC6A032B74C49F00FD54A7 /* ViewController.swift */ = {isa = PBXFileReference; lastKnownFileType = sourcecode.swift; path = ViewController.swift; sourceTree = "<group>"; };
		63BC6A062B74C49F00FD54A7 /* Base */ = {isa = PBXFileReference; lastKnownFileType = file.storyboard; name = Base; path = Base.lproj/Main.storyboard; sourceTree = "<group>"; };
		63BC6A082B74C4A100FD54A7 /* Assets.xcassets */ = {isa = PBXFileReference; lastKnownFileType = folder.assetcatalog; path = Assets.xcassets; sourceTree = "<group>"; };
		63BC6A0B2B74C4A100FD54A7 /* Base */ = {isa = PBXFileReference; lastKnownFileType = file.storyboard; name = Base; path = Base.lproj/LaunchScreen.storyboard; sourceTree = "<group>"; };
		63BC6A0D2B74C4A100FD54A7 /* Info.plist */ = {isa = PBXFileReference; lastKnownFileType = text.plist.xml; path = Info.plist; sourceTree = "<group>"; };
		63BC6A132B74C52D00FD54A7 /* MainTabBarController.swift */ = {isa = PBXFileReference; lastKnownFileType = sourcecode.swift; path = MainTabBarController.swift; sourceTree = "<group>"; };
		63BC6A152B74C5D600FD54A7 /* SearchMusicViewController.swift */ = {isa = PBXFileReference; lastKnownFileType = sourcecode.swift; path = SearchMusicViewController.swift; sourceTree = "<group>"; };
		63BC6A1A2B74DB5800FD54A7 /* SearchResponse.swift */ = {isa = PBXFileReference; lastKnownFileType = sourcecode.swift; path = SearchResponse.swift; sourceTree = "<group>"; };
		63BC6A1C2B74E48600FD54A7 /* NetworkService.swift */ = {isa = PBXFileReference; lastKnownFileType = sourcecode.swift; path = NetworkService.swift; sourceTree = "<group>"; };
		63F4BA012B7A850700C9AF15 /* FooterView.swift */ = {isa = PBXFileReference; lastKnownFileType = sourcecode.swift; path = FooterView.swift; sourceTree = "<group>"; };
		63F4BA042B7A8D3A00C9AF15 /* TrackDetailView.xib */ = {isa = PBXFileReference; lastKnownFileType = file.xib; path = TrackDetailView.xib; sourceTree = "<group>"; };
		63F4BA062B7A8D5300C9AF15 /* TrackDetailView.swift */ = {isa = PBXFileReference; lastKnownFileType = sourcecode.swift; path = TrackDetailView.swift; sourceTree = "<group>"; };
/* End PBXFileReference section */

/* Begin PBXFrameworksBuildPhase section */
		63BC69F92B74C49F00FD54A7 /* Frameworks */ = {
			isa = PBXFrameworksBuildPhase;
			buildActionMask = 2147483647;
			files = (
				636326302B762D3A007CD5E2 /* SDWebImage in Frameworks */,
				636326322B762D3A007CD5E2 /* SDWebImageMapKit in Frameworks */,
				63BC6A192B74D7D300FD54A7 /* Alamofire in Frameworks */,
			);
			runOnlyForDeploymentPostprocessing = 0;
		};
/* End PBXFrameworksBuildPhase section */

/* Begin PBXGroup section */
		636326042B7611D1007CD5E2 /* Search */ = {
			isa = PBXGroup;
			children = (
				63BC6A132B74C52D00FD54A7 /* MainTabBarController.swift */,
				63F4BA032B7A8D2100C9AF15 /* TrackDetailView */,
				63F4BA002B7A84F800C9AF15 /* FooterView */,
				636326282B762347007CD5E2 /* Cell */,
				636326232B7613FC007CD5E2 /* SearchViewController.storyboard */,
				636326192B7612CF007CD5E2 /* SearchViewController.swift */,
				6363261A2B7612CF007CD5E2 /* SearchInteractor.swift */,
				636326152B7612CF007CD5E2 /* SearchPresenter.swift */,
				636326182B7612CF007CD5E2 /* SearchModels.swift */,
				636326162B7612CF007CD5E2 /* SearchWorker.swift */,
				636326172B7612CF007CD5E2 /* SearchRouter.swift */,
			);
			path = Search;
			sourceTree = "<group>";
		};
		636326132B761260007CD5E2 /* Services */ = {
			isa = PBXGroup;
			children = (
				6363262D2B762901007CD5E2 /* Models */,
				63BC6A1C2B74E48600FD54A7 /* NetworkService.swift */,
			);
			path = Services;
			sourceTree = "<group>";
		};
		636326142B761274007CD5E2 /* Delegates */ = {
			isa = PBXGroup;
			children = (
				63BC69FF2B74C49F00FD54A7 /* AppDelegate.swift */,
				63BC6A012B74C49F00FD54A7 /* SceneDelegate.swift */,
			);
			path = Delegates;
			sourceTree = "<group>";
		};
		636326272B761667007CD5E2 /* Helpers */ = {
			isa = PBXGroup;
			children = (
				636326252B761654007CD5E2 /* UIViewController + Storyboard.swift */,
				6353BA2E2B7B622000C4508D /* CMTime + Extension.swift */,
				6353BA302B7B724400C4508D /* Nib.swift */,
			);
			path = Helpers;
			sourceTree = "<group>";
		};
		636326282B762347007CD5E2 /* Cell */ = {
			isa = PBXGroup;
			children = (
				636326292B76236C007CD5E2 /* TrackCell.xib */,
				6363262B2B76238C007CD5E2 /* TrackCell.swift */,
			);
			path = Cell;
			sourceTree = "<group>";
		};
		6363262D2B762901007CD5E2 /* Models */ = {
			isa = PBXGroup;
			children = (
				63BC6A1A2B74DB5800FD54A7 /* SearchResponse.swift */,
			);
			path = Models;
			sourceTree = "<group>";
		};
		63BC69F32B74C49F00FD54A7 = {
			isa = PBXGroup;
			children = (
				63BC69FE2B74C49F00FD54A7 /* EugeneMusic */,
				63BC69FD2B74C49F00FD54A7 /* Products */,
			);
			sourceTree = "<group>";
		};
		63BC69FD2B74C49F00FD54A7 /* Products */ = {
			isa = PBXGroup;
			children = (
				63BC69FC2B74C49F00FD54A7 /* EugeneMusic.app */,
			);
			name = Products;
			sourceTree = "<group>";
		};
		63BC69FE2B74C49F00FD54A7 /* EugeneMusic */ = {
			isa = PBXGroup;
			children = (
				636326142B761274007CD5E2 /* Delegates */,
				636326132B761260007CD5E2 /* Services */,
				636326042B7611D1007CD5E2 /* Search */,
				63BC6A032B74C49F00FD54A7 /* ViewController.swift */,
				63BC6A152B74C5D600FD54A7 /* SearchMusicViewController.swift */,
				636326272B761667007CD5E2 /* Helpers */,
				63BC6A052B74C49F00FD54A7 /* Main.storyboard */,
				63BC6A0A2B74C4A100FD54A7 /* LaunchScreen.storyboard */,
				63BC6A082B74C4A100FD54A7 /* Assets.xcassets */,
				63BC6A0D2B74C4A100FD54A7 /* Info.plist */,
			);
			path = EugeneMusic;
			sourceTree = "<group>";
		};
		63F4BA002B7A84F800C9AF15 /* FooterView */ = {
			isa = PBXGroup;
			children = (
				63F4BA012B7A850700C9AF15 /* FooterView.swift */,
			);
			path = FooterView;
			sourceTree = "<group>";
		};
		63F4BA032B7A8D2100C9AF15 /* TrackDetailView */ = {
			isa = PBXGroup;
			children = (
				63F4BA042B7A8D3A00C9AF15 /* TrackDetailView.xib */,
				63F4BA062B7A8D5300C9AF15 /* TrackDetailView.swift */,
			);
			path = TrackDetailView;
			sourceTree = "<group>";
		};
/* End PBXGroup section */

/* Begin PBXNativeTarget section */
		63BC69FB2B74C49F00FD54A7 /* EugeneMusic */ = {
			isa = PBXNativeTarget;
			buildConfigurationList = 63BC6A102B74C4A100FD54A7 /* Build configuration list for PBXNativeTarget "EugeneMusic" */;
			buildPhases = (
				63BC69F82B74C49F00FD54A7 /* Sources */,
				63BC69F92B74C49F00FD54A7 /* Frameworks */,
				63BC69FA2B74C49F00FD54A7 /* Resources */,
			);
			buildRules = (
			);
			dependencies = (
			);
			name = EugeneMusic;
			packageProductDependencies = (
				63BC6A182B74D7D300FD54A7 /* Alamofire */,
				6363262F2B762D3A007CD5E2 /* SDWebImage */,
				636326312B762D3A007CD5E2 /* SDWebImageMapKit */,
			);
			productName = EugeneMusic;
			productReference = 63BC69FC2B74C49F00FD54A7 /* EugeneMusic.app */;
			productType = "com.apple.product-type.application";
		};
/* End PBXNativeTarget section */

/* Begin PBXProject section */
		63BC69F42B74C49F00FD54A7 /* Project object */ = {
			isa = PBXProject;
			attributes = {
				BuildIndependentTargetsInParallel = 1;
				LastSwiftUpdateCheck = 1520;
				LastUpgradeCheck = 1520;
				TargetAttributes = {
					63BC69FB2B74C49F00FD54A7 = {
						CreatedOnToolsVersion = 15.2;
					};
				};
			};
			buildConfigurationList = 63BC69F72B74C49F00FD54A7 /* Build configuration list for PBXProject "EugeneMusic" */;
			compatibilityVersion = "Xcode 14.0";
			developmentRegion = en;
			hasScannedForEncodings = 0;
			knownRegions = (
				en,
				Base,
			);
			mainGroup = 63BC69F32B74C49F00FD54A7;
			packageReferences = (
				63BC6A172B74D7D300FD54A7 /* XCRemoteSwiftPackageReference "Alamofire" */,
				6363262E2B762D39007CD5E2 /* XCRemoteSwiftPackageReference "SDWebImage" */,
			);
			productRefGroup = 63BC69FD2B74C49F00FD54A7 /* Products */;
			projectDirPath = "";
			projectRoot = "";
			targets = (
				63BC69FB2B74C49F00FD54A7 /* EugeneMusic */,
			);
		};
/* End PBXProject section */

/* Begin PBXResourcesBuildPhase section */
		63BC69FA2B74C49F00FD54A7 /* Resources */ = {
			isa = PBXResourcesBuildPhase;
			buildActionMask = 2147483647;
			files = (
				63BC6A0C2B74C4A100FD54A7 /* LaunchScreen.storyboard in Resources */,
				6363262A2B76236C007CD5E2 /* TrackCell.xib in Resources */,
				63BC6A092B74C4A100FD54A7 /* Assets.xcassets in Resources */,
				636326242B7613FC007CD5E2 /* SearchViewController.storyboard in Resources */,
				63F4BA052B7A8D3A00C9AF15 /* TrackDetailView.xib in Resources */,
				63BC6A072B74C49F00FD54A7 /* Main.storyboard in Resources */,
			);
			runOnlyForDeploymentPostprocessing = 0;
		};
/* End PBXResourcesBuildPhase section */

/* Begin PBXSourcesBuildPhase section */
		63BC69F82B74C49F00FD54A7 /* Sources */ = {
			isa = PBXSourcesBuildPhase;
			buildActionMask = 2147483647;
			files = (
				63BC6A162B74C5D600FD54A7 /* SearchMusicViewController.swift in Sources */,
				636326262B761654007CD5E2 /* UIViewController + Storyboard.swift in Sources */,
				63BC6A042B74C49F00FD54A7 /* ViewController.swift in Sources */,
				63BC6A1B2B74DB5800FD54A7 /* SearchResponse.swift in Sources */,
				636326212B7612CF007CD5E2 /* SearchInteractor.swift in Sources */,
				63F4BA022B7A850700C9AF15 /* FooterView.swift in Sources */,
				6353BA2F2B7B622000C4508D /* CMTime + Extension.swift in Sources */,
				6363262C2B76238C007CD5E2 /* TrackCell.swift in Sources */,
				6353BA312B7B724400C4508D /* Nib.swift in Sources */,
				63BC6A002B74C49F00FD54A7 /* AppDelegate.swift in Sources */,
				63BC6A142B74C52D00FD54A7 /* MainTabBarController.swift in Sources */,
				6363261D2B7612CF007CD5E2 /* SearchWorker.swift in Sources */,
				636326202B7612CF007CD5E2 /* SearchViewController.swift in Sources */,
				6363261E2B7612CF007CD5E2 /* SearchRouter.swift in Sources */,
				6363261F2B7612CF007CD5E2 /* SearchModels.swift in Sources */,
				63BC6A022B74C49F00FD54A7 /* SceneDelegate.swift in Sources */,
				6363261C2B7612CF007CD5E2 /* SearchPresenter.swift in Sources */,
				63F4BA072B7A8D5300C9AF15 /* TrackDetailView.swift in Sources */,
				63BC6A1D2B74E48600FD54A7 /* NetworkService.swift in Sources */,
			);
			runOnlyForDeploymentPostprocessing = 0;
		};
/* End PBXSourcesBuildPhase section */

/* Begin PBXVariantGroup section */
		63BC6A052B74C49F00FD54A7 /* Main.storyboard */ = {
			isa = PBXVariantGroup;
			children = (
				63BC6A062B74C49F00FD54A7 /* Base */,
			);
			name = Main.storyboard;
			sourceTree = "<group>";
		};
		63BC6A0A2B74C4A100FD54A7 /* LaunchScreen.storyboard */ = {
			isa = PBXVariantGroup;
			children = (
				63BC6A0B2B74C4A100FD54A7 /* Base */,
			);
			name = LaunchScreen.storyboard;
			sourceTree = "<group>";
		};
/* End PBXVariantGroup section */

/* Begin XCBuildConfiguration section */
		63BC6A0E2B74C4A100FD54A7 /* Debug */ = {
			isa = XCBuildConfiguration;
			buildSettings = {
				ALWAYS_SEARCH_USER_PATHS = NO;
				ASSETCATALOG_COMPILER_GENERATE_SWIFT_ASSET_SYMBOL_EXTENSIONS = YES;
				CLANG_ANALYZER_NONNULL = YES;
				CLANG_ANALYZER_NUMBER_OBJECT_CONVERSION = YES_AGGRESSIVE;
				CLANG_CXX_LANGUAGE_STANDARD = "gnu++20";
				CLANG_ENABLE_MODULES = YES;
				CLANG_ENABLE_OBJC_ARC = YES;
				CLANG_ENABLE_OBJC_WEAK = YES;
				CLANG_WARN_BLOCK_CAPTURE_AUTORELEASING = YES;
				CLANG_WARN_BOOL_CONVERSION = YES;
				CLANG_WARN_COMMA = YES;
				CLANG_WARN_CONSTANT_CONVERSION = YES;
				CLANG_WARN_DEPRECATED_OBJC_IMPLEMENTATIONS = YES;
				CLANG_WARN_DIRECT_OBJC_ISA_USAGE = YES_ERROR;
				CLANG_WARN_DOCUMENTATION_COMMENTS = YES;
				CLANG_WARN_EMPTY_BODY = YES;
				CLANG_WARN_ENUM_CONVERSION = YES;
				CLANG_WARN_INFINITE_RECURSION = YES;
				CLANG_WARN_INT_CONVERSION = YES;
				CLANG_WARN_NON_LITERAL_NULL_CONVERSION = YES;
				CLANG_WARN_OBJC_IMPLICIT_RETAIN_SELF = YES;
				CLANG_WARN_OBJC_LITERAL_CONVERSION = YES;
				CLANG_WARN_OBJC_ROOT_CLASS = YES_ERROR;
				CLANG_WARN_QUOTED_INCLUDE_IN_FRAMEWORK_HEADER = YES;
				CLANG_WARN_RANGE_LOOP_ANALYSIS = YES;
				CLANG_WARN_STRICT_PROTOTYPES = YES;
				CLANG_WARN_SUSPICIOUS_MOVE = YES;
				CLANG_WARN_UNGUARDED_AVAILABILITY = YES_AGGRESSIVE;
				CLANG_WARN_UNREACHABLE_CODE = YES;
				CLANG_WARN__DUPLICATE_METHOD_MATCH = YES;
				COPY_PHASE_STRIP = NO;
				DEBUG_INFORMATION_FORMAT = dwarf;
				ENABLE_STRICT_OBJC_MSGSEND = YES;
				ENABLE_TESTABILITY = YES;
				ENABLE_USER_SCRIPT_SANDBOXING = YES;
				GCC_C_LANGUAGE_STANDARD = gnu17;
				GCC_DYNAMIC_NO_PIC = NO;
				GCC_NO_COMMON_BLOCKS = YES;
				GCC_OPTIMIZATION_LEVEL = 0;
				GCC_PREPROCESSOR_DEFINITIONS = (
					"DEBUG=1",
					"$(inherited)",
				);
				GCC_WARN_64_TO_32_BIT_CONVERSION = YES;
				GCC_WARN_ABOUT_RETURN_TYPE = YES_ERROR;
				GCC_WARN_UNDECLARED_SELECTOR = YES;
				GCC_WARN_UNINITIALIZED_AUTOS = YES_AGGRESSIVE;
				GCC_WARN_UNUSED_FUNCTION = YES;
				GCC_WARN_UNUSED_VARIABLE = YES;
				IPHONEOS_DEPLOYMENT_TARGET = 17.2;
				LOCALIZATION_PREFERS_STRING_CATALOGS = YES;
				MTL_ENABLE_DEBUG_INFO = INCLUDE_SOURCE;
				MTL_FAST_MATH = YES;
				ONLY_ACTIVE_ARCH = YES;
				SDKROOT = iphoneos;
				SWIFT_ACTIVE_COMPILATION_CONDITIONS = "DEBUG $(inherited)";
				SWIFT_OPTIMIZATION_LEVEL = "-Onone";
			};
			name = Debug;
		};
		63BC6A0F2B74C4A100FD54A7 /* Release */ = {
			isa = XCBuildConfiguration;
			buildSettings = {
				ALWAYS_SEARCH_USER_PATHS = NO;
				ASSETCATALOG_COMPILER_GENERATE_SWIFT_ASSET_SYMBOL_EXTENSIONS = YES;
				CLANG_ANALYZER_NONNULL = YES;
				CLANG_ANALYZER_NUMBER_OBJECT_CONVERSION = YES_AGGRESSIVE;
				CLANG_CXX_LANGUAGE_STANDARD = "gnu++20";
				CLANG_ENABLE_MODULES = YES;
				CLANG_ENABLE_OBJC_ARC = YES;
				CLANG_ENABLE_OBJC_WEAK = YES;
				CLANG_WARN_BLOCK_CAPTURE_AUTORELEASING = YES;
				CLANG_WARN_BOOL_CONVERSION = YES;
				CLANG_WARN_COMMA = YES;
				CLANG_WARN_CONSTANT_CONVERSION = YES;
				CLANG_WARN_DEPRECATED_OBJC_IMPLEMENTATIONS = YES;
				CLANG_WARN_DIRECT_OBJC_ISA_USAGE = YES_ERROR;
				CLANG_WARN_DOCUMENTATION_COMMENTS = YES;
				CLANG_WARN_EMPTY_BODY = YES;
				CLANG_WARN_ENUM_CONVERSION = YES;
				CLANG_WARN_INFINITE_RECURSION = YES;
				CLANG_WARN_INT_CONVERSION = YES;
				CLANG_WARN_NON_LITERAL_NULL_CONVERSION = YES;
				CLANG_WARN_OBJC_IMPLICIT_RETAIN_SELF = YES;
				CLANG_WARN_OBJC_LITERAL_CONVERSION = YES;
				CLANG_WARN_OBJC_ROOT_CLASS = YES_ERROR;
				CLANG_WARN_QUOTED_INCLUDE_IN_FRAMEWORK_HEADER = YES;
				CLANG_WARN_RANGE_LOOP_ANALYSIS = YES;
				CLANG_WARN_STRICT_PROTOTYPES = YES;
				CLANG_WARN_SUSPICIOUS_MOVE = YES;
				CLANG_WARN_UNGUARDED_AVAILABILITY = YES_AGGRESSIVE;
				CLANG_WARN_UNREACHABLE_CODE = YES;
				CLANG_WARN__DUPLICATE_METHOD_MATCH = YES;
				COPY_PHASE_STRIP = NO;
				DEBUG_INFORMATION_FORMAT = "dwarf-with-dsym";
				ENABLE_NS_ASSERTIONS = NO;
				ENABLE_STRICT_OBJC_MSGSEND = YES;
				ENABLE_USER_SCRIPT_SANDBOXING = YES;
				GCC_C_LANGUAGE_STANDARD = gnu17;
				GCC_NO_COMMON_BLOCKS = YES;
				GCC_WARN_64_TO_32_BIT_CONVERSION = YES;
				GCC_WARN_ABOUT_RETURN_TYPE = YES_ERROR;
				GCC_WARN_UNDECLARED_SELECTOR = YES;
				GCC_WARN_UNINITIALIZED_AUTOS = YES_AGGRESSIVE;
				GCC_WARN_UNUSED_FUNCTION = YES;
				GCC_WARN_UNUSED_VARIABLE = YES;
				IPHONEOS_DEPLOYMENT_TARGET = 17.2;
				LOCALIZATION_PREFERS_STRING_CATALOGS = YES;
				MTL_ENABLE_DEBUG_INFO = NO;
				MTL_FAST_MATH = YES;
				SDKROOT = iphoneos;
				SWIFT_COMPILATION_MODE = wholemodule;
				VALIDATE_PRODUCT = YES;
			};
			name = Release;
		};
		63BC6A112B74C4A100FD54A7 /* Debug */ = {
			isa = XCBuildConfiguration;
			buildSettings = {
				ASSETCATALOG_COMPILER_APPICON_NAME = AppIcon;
				ASSETCATALOG_COMPILER_GLOBAL_ACCENT_COLOR_NAME = AccentColor;
				CODE_SIGN_STYLE = Automatic;
				CURRENT_PROJECT_VERSION = 1;
				DEVELOPMENT_TEAM = JQSUXNGVC5;
				GENERATE_INFOPLIST_FILE = YES;
				INFOPLIST_FILE = EugeneMusic/Info.plist;
				INFOPLIST_KEY_UIApplicationSupportsIndirectInputEvents = YES;
				INFOPLIST_KEY_UILaunchStoryboardName = LaunchScreen;
				INFOPLIST_KEY_UIMainStoryboardFile = Main;
				INFOPLIST_KEY_UISupportedInterfaceOrientations = UIInterfaceOrientationPortrait;
				IPHONEOS_DEPLOYMENT_TARGET = 16.0;
				LD_RUNPATH_SEARCH_PATHS = (
					"$(inherited)",
					"@executable_path/Frameworks",
				);
				MARKETING_VERSION = 1.0;
				PRODUCT_BUNDLE_IDENTIFIER = EugeneZabrodski.EugeneMusic;
				PRODUCT_NAME = "$(TARGET_NAME)";
				SUPPORTED_PLATFORMS = "iphoneos iphonesimulator";
				SUPPORTS_MACCATALYST = NO;
				SUPPORTS_MAC_DESIGNED_FOR_IPHONE_IPAD = NO;
				SUPPORTS_XR_DESIGNED_FOR_IPHONE_IPAD = NO;
				SWIFT_EMIT_LOC_STRINGS = YES;
				SWIFT_VERSION = 5.0;
				TARGETED_DEVICE_FAMILY = "1,2";
			};
			name = Debug;
		};
		63BC6A122B74C4A100FD54A7 /* Release */ = {
			isa = XCBuildConfiguration;
			buildSettings = {
				ASSETCATALOG_COMPILER_APPICON_NAME = AppIcon;
				ASSETCATALOG_COMPILER_GLOBAL_ACCENT_COLOR_NAME = AccentColor;
				CODE_SIGN_STYLE = Automatic;
				CURRENT_PROJECT_VERSION = 1;
				DEVELOPMENT_TEAM = JQSUXNGVC5;
				GENERATE_INFOPLIST_FILE = YES;
				INFOPLIST_FILE = EugeneMusic/Info.plist;
				INFOPLIST_KEY_UIApplicationSupportsIndirectInputEvents = YES;
				INFOPLIST_KEY_UILaunchStoryboardName = LaunchScreen;
				INFOPLIST_KEY_UIMainStoryboardFile = Main;
				INFOPLIST_KEY_UISupportedInterfaceOrientations = UIInterfaceOrientationPortrait;
				IPHONEOS_DEPLOYMENT_TARGET = 16.0;
				LD_RUNPATH_SEARCH_PATHS = (
					"$(inherited)",
					"@executable_path/Frameworks",
				);
				MARKETING_VERSION = 1.0;
				PRODUCT_BUNDLE_IDENTIFIER = EugeneZabrodski.EugeneMusic;
				PRODUCT_NAME = "$(TARGET_NAME)";
				SUPPORTED_PLATFORMS = "iphoneos iphonesimulator";
				SUPPORTS_MACCATALYST = NO;
				SUPPORTS_MAC_DESIGNED_FOR_IPHONE_IPAD = NO;
				SUPPORTS_XR_DESIGNED_FOR_IPHONE_IPAD = NO;
				SWIFT_EMIT_LOC_STRINGS = YES;
				SWIFT_VERSION = 5.0;
				TARGETED_DEVICE_FAMILY = "1,2";
			};
			name = Release;
		};
/* End XCBuildConfiguration section */

/* Begin XCConfigurationList section */
		63BC69F72B74C49F00FD54A7 /* Build configuration list for PBXProject "EugeneMusic" */ = {
			isa = XCConfigurationList;
			buildConfigurations = (
				63BC6A0E2B74C4A100FD54A7 /* Debug */,
				63BC6A0F2B74C4A100FD54A7 /* Release */,
			);
			defaultConfigurationIsVisible = 0;
			defaultConfigurationName = Release;
		};
		63BC6A102B74C4A100FD54A7 /* Build configuration list for PBXNativeTarget "EugeneMusic" */ = {
			isa = XCConfigurationList;
			buildConfigurations = (
				63BC6A112B74C4A100FD54A7 /* Debug */,
				63BC6A122B74C4A100FD54A7 /* Release */,
			);
			defaultConfigurationIsVisible = 0;
			defaultConfigurationName = Release;
		};
/* End XCConfigurationList section */

/* Begin XCRemoteSwiftPackageReference section */
		6363262E2B762D39007CD5E2 /* XCRemoteSwiftPackageReference "SDWebImage" */ = {
			isa = XCRemoteSwiftPackageReference;
			repositoryURL = "https://github.com/SDWebImage/SDWebImage";
			requirement = {
				kind = upToNextMajorVersion;
				minimumVersion = 5.18.10;
			};
		};
		63BC6A172B74D7D300FD54A7 /* XCRemoteSwiftPackageReference "Alamofire" */ = {
			isa = XCRemoteSwiftPackageReference;
			repositoryURL = "https://github.com/Alamofire/Alamofire.git";
			requirement = {
				kind = upToNextMajorVersion;
				minimumVersion = 5.8.1;
			};
		};
/* End XCRemoteSwiftPackageReference section */

/* Begin XCSwiftPackageProductDependency section */
		6363262F2B762D3A007CD5E2 /* SDWebImage */ = {
			isa = XCSwiftPackageProductDependency;
			package = 6363262E2B762D39007CD5E2 /* XCRemoteSwiftPackageReference "SDWebImage" */;
			productName = SDWebImage;
		};
		636326312B762D3A007CD5E2 /* SDWebImageMapKit */ = {
			isa = XCSwiftPackageProductDependency;
			package = 6363262E2B762D39007CD5E2 /* XCRemoteSwiftPackageReference "SDWebImage" */;
			productName = SDWebImageMapKit;
		};
		63BC6A182B74D7D300FD54A7 /* Alamofire */ = {
			isa = XCSwiftPackageProductDependency;
			package = 63BC6A172B74D7D300FD54A7 /* XCRemoteSwiftPackageReference "Alamofire" */;
			productName = Alamofire;
		};
/* End XCSwiftPackageProductDependency section */
	};
	rootObject = 63BC69F42B74C49F00FD54A7 /* Project object */;
}
